// !$*UTF8*$!
{
	archiveVersion = 1;
	classes = {
	};
	objectVersion = 46;
	objects = {

/* Begin PBXBuildFile section */
		A7061E93148D08D6004124EF /* pb-orm-initialize.cc in Sources */ = {isa = PBXBuildFile; fileRef = A7061E92148D08D5004124EF /* pb-orm-initialize.cc */; };
		A7061E97148D09D5004124EF /* pb-orm-shutdown.cc in Sources */ = {isa = PBXBuildFile; fileRef = A7061E96148D09D5004124EF /* pb-orm-shutdown.cc */; };
		A7061E98148D0B01004124EF /* tree.proto in Sources */ = {isa = PBXBuildFile; fileRef = A7117A72148D04E400BD626E /* tree.proto */; };
		A7061E9E148E02ED004124EF /* pb-orm-database.cc in Sources */ = {isa = PBXBuildFile; fileRef = A7061E9D148E02ED004124EF /* pb-orm-database.cc */; };
		A7061EA2148F6458004124EF /* pb-orm-context.cc in Sources */ = {isa = PBXBuildFile; fileRef = A7061EA1148F6457004124EF /* pb-orm-context.cc */; };
		A7061EA6148F68A5004124EF /* pb-orm-database-sqlite3.cc in Sources */ = {isa = PBXBuildFile; fileRef = A7061EA5148F68A4004124EF /* pb-orm-database-sqlite3.cc */; };
		A7061EA8148F6938004124EF /* pb-orm-database-dbi.cc in Sources */ = {isa = PBXBuildFile; fileRef = A7061EA7148F6936004124EF /* pb-orm-database-dbi.cc */; };
		A7117A56148D04C400BD626E /* pb-orm-value.cc in Sources */ = {isa = PBXBuildFile; fileRef = A7117A3A148D04C400BD626E /* pb-orm-value.cc */; };
		A7117A57148D04C400BD626E /* pb-orm-update.cc in Sources */ = {isa = PBXBuildFile; fileRef = A7117A3C148D04C400BD626E /* pb-orm-update.cc */; };
		A7117A58148D04C400BD626E /* pb-orm-transaction.cc in Sources */ = {isa = PBXBuildFile; fileRef = A7117A3E148D04C400BD626E /* pb-orm-transaction.cc */; };
		A7117A59148D04C400BD626E /* pb-orm-str.cc in Sources */ = {isa = PBXBuildFile; fileRef = A7117A40148D04C400BD626E /* pb-orm-str.cc */; };
		A7117A5A148D04C400BD626E /* pb-orm-read.cc in Sources */ = {isa = PBXBuildFile; fileRef = A7117A42148D04C400BD626E /* pb-orm-read.cc */; };
		A7117A5B148D04C400BD626E /* pb-orm-log.cc in Sources */ = {isa = PBXBuildFile; fileRef = A7117A45148D04C400BD626E /* pb-orm-log.cc */; };
		A7117A5D148D04C400BD626E /* pb-orm-enum.cc in Sources */ = {isa = PBXBuildFile; fileRef = A7117A49148D04C400BD626E /* pb-orm-enum.cc */; };
		A7117A5E148D04C400BD626E /* pb-orm-drop-table.cc in Sources */ = {isa = PBXBuildFile; fileRef = A7117A4B148D04C400BD626E /* pb-orm-drop-table.cc */; };
		A7117A5F148D04C400BD626E /* pb-orm-delete.cc in Sources */ = {isa = PBXBuildFile; fileRef = A7117A4D148D04C400BD626E /* pb-orm-delete.cc */; };
		A7117A60148D04C400BD626E /* pb-orm-create.cc in Sources */ = {isa = PBXBuildFile; fileRef = A7117A4F148D04C400BD626E /* pb-orm-create.cc */; };
		A7117A61148D04C400BD626E /* pb-orm-create-table.cc in Sources */ = {isa = PBXBuildFile; fileRef = A7117A51148D04C400BD626E /* pb-orm-create-table.cc */; };
		A7117A62148D04C400BD626E /* pb-orm-connect.cc in Sources */ = {isa = PBXBuildFile; fileRef = A7117A53148D04C400BD626E /* pb-orm-connect.cc */; };
		A7117A74148D04E400BD626E /* pb-orm-big-tests.cc in Sources */ = {isa = PBXBuildFile; fileRef = A7117A6B148D04E400BD626E /* pb-orm-big-tests.cc */; };
		A7117A75148D04E400BD626E /* pb-orm-tree-tests.cc in Sources */ = {isa = PBXBuildFile; fileRef = A7117A6D148D04E400BD626E /* pb-orm-tree-tests.cc */; };
		A7117A76148D04E400BD626E /* pb-orm-zone-tests.cc in Sources */ = {isa = PBXBuildFile; fileRef = A7117A6F148D04E400BD626E /* pb-orm-zone-tests.cc */; };
		A7117A77148D04E400BD626E /* pbormtest.cc in Sources */ = {isa = PBXBuildFile; fileRef = A7117A71148D04E400BD626E /* pbormtest.cc */; };
		A7117A78148D051B00BD626E /* big.proto in Sources */ = {isa = PBXBuildFile; fileRef = A7117A69148D04E400BD626E /* big.proto */; };
		A7117A79148D051E00BD626E /* zone.proto in Sources */ = {isa = PBXBuildFile; fileRef = A7117A73148D04E400BD626E /* zone.proto */; };
		A7117A7C148D059700BD626E /* orm.proto in Sources */ = {isa = PBXBuildFile; fileRef = A7117A55148D04C400BD626E /* orm.proto */; };
		A7AF354E1490A57C008C43C9 /* pb-orm-database-helper.cc in Sources */ = {isa = PBXBuildFile; fileRef = A7AF354D1490A57C008C43C9 /* pb-orm-database-helper.cc */; };
		A7BAA4C81497882F00C7DD2B /* timecollector.cc in Sources */ = {isa = PBXBuildFile; fileRef = A7BAA4C71497882E00C7DD2B /* timecollector.cc */; };
/* End PBXBuildFile section */

/* Begin PBXBuildRule section */
		A71B7F031484FA540084A251 /* PBXBuildRule */ = {
			isa = PBXBuildRule;
			compilerSpec = com.apple.compilers.proxy.script;
			filePatterns = "*.proto";
			fileType = pattern.proxy;
			isEditable = 1;
			outputFiles = (
				"${DERIVED_SOURCES_DIR}/${INPUT_FILE_BASE}.pb.h",
				"${DERIVED_SOURCES_DIR}/${INPUT_FILE_BASE}.pb.cc",
			);
			script = "/usr/local/bin/protoc -I/usr/local/include -I${INPUT_FILE_DIR} -I${INPUT_FILE_DIR}/.. --cpp_out=${DERIVED_SOURCES_DIR} ${INPUT_FILE_PATH}";
		};
/* End PBXBuildRule section */

/* Begin PBXCopyFilesBuildPhase section */
		A71B7ECB1484F7C80084A251 /* CopyFiles */ = {
			isa = PBXCopyFilesBuildPhase;
			buildActionMask = 2147483647;
			dstPath = /usr/share/man/man1/;
			dstSubfolderSpec = 0;
			files = (
			);
			runOnlyForDeploymentPostprocessing = 1;
		};
/* End PBXCopyFilesBuildPhase section */

/* Begin PBXFileReference section */
		A7061E91148D08D5004124EF /* pb-orm-initialize.h */ = {isa = PBXFileReference; fileEncoding = 4; lastKnownFileType = sourcecode.c.h; path = "pb-orm-initialize.h"; sourceTree = "<group>"; };
		A7061E92148D08D5004124EF /* pb-orm-initialize.cc */ = {isa = PBXFileReference; fileEncoding = 4; lastKnownFileType = sourcecode.cpp.cpp; path = "pb-orm-initialize.cc"; sourceTree = "<group>"; };
		A7061E95148D09D5004124EF /* pb-orm-shutdown.h */ = {isa = PBXFileReference; fileEncoding = 4; lastKnownFileType = sourcecode.c.h; path = "pb-orm-shutdown.h"; sourceTree = "<group>"; };
		A7061E96148D09D5004124EF /* pb-orm-shutdown.cc */ = {isa = PBXFileReference; fileEncoding = 4; lastKnownFileType = sourcecode.cpp.cpp; path = "pb-orm-shutdown.cc"; sourceTree = "<group>"; };
		A7061E9D148E02ED004124EF /* pb-orm-database.cc */ = {isa = PBXFileReference; fileEncoding = 4; lastKnownFileType = sourcecode.cpp.cpp; path = "pb-orm-database.cc"; sourceTree = "<group>"; };
		A7061EA0148F6437004124EF /* pb-orm-context.h */ = {isa = PBXFileReference; fileEncoding = 4; lastKnownFileType = sourcecode.c.h; path = "pb-orm-context.h"; sourceTree = "<group>"; };
		A7061EA1148F6457004124EF /* pb-orm-context.cc */ = {isa = PBXFileReference; fileEncoding = 4; lastKnownFileType = sourcecode.cpp.cpp; path = "pb-orm-context.cc"; sourceTree = "<group>"; };
		A7061EA3148F6671004124EF /* pb-orm-database-sqlite3.h */ = {isa = PBXFileReference; fileEncoding = 4; lastKnownFileType = sourcecode.c.h; path = "pb-orm-database-sqlite3.h"; sourceTree = "<group>"; };
		A7061EA4148F66B2004124EF /* pb-orm-database-dbi.h */ = {isa = PBXFileReference; fileEncoding = 4; lastKnownFileType = sourcecode.c.h; path = "pb-orm-database-dbi.h"; sourceTree = "<group>"; };
		A7061EA5148F68A4004124EF /* pb-orm-database-sqlite3.cc */ = {isa = PBXFileReference; fileEncoding = 4; lastKnownFileType = sourcecode.cpp.cpp; path = "pb-orm-database-sqlite3.cc"; sourceTree = "<group>"; };
		A7061EA7148F6936004124EF /* pb-orm-database-dbi.cc */ = {isa = PBXFileReference; fileEncoding = 4; lastKnownFileType = sourcecode.cpp.cpp; path = "pb-orm-database-dbi.cc"; sourceTree = "<group>"; };
		A7117A38148D04C400BD626E /* pb-orm.h */ = {isa = PBXFileReference; fileEncoding = 4; lastKnownFileType = sourcecode.c.h; path = "pb-orm.h"; sourceTree = "<group>"; };
		A7117A39148D04C400BD626E /* pb-orm-value.h */ = {isa = PBXFileReference; fileEncoding = 4; lastKnownFileType = sourcecode.c.h; path = "pb-orm-value.h"; sourceTree = "<group>"; };
		A7117A3A148D04C400BD626E /* pb-orm-value.cc */ = {isa = PBXFileReference; fileEncoding = 4; lastKnownFileType = sourcecode.cpp.cpp; path = "pb-orm-value.cc"; sourceTree = "<group>"; };
		A7117A3B148D04C400BD626E /* pb-orm-update.h */ = {isa = PBXFileReference; fileEncoding = 4; lastKnownFileType = sourcecode.c.h; path = "pb-orm-update.h"; sourceTree = "<group>"; };
		A7117A3C148D04C400BD626E /* pb-orm-update.cc */ = {isa = PBXFileReference; fileEncoding = 4; lastKnownFileType = sourcecode.cpp.cpp; path = "pb-orm-update.cc"; sourceTree = "<group>"; };
		A7117A3D148D04C400BD626E /* pb-orm-transaction.h */ = {isa = PBXFileReference; fileEncoding = 4; lastKnownFileType = sourcecode.c.h; path = "pb-orm-transaction.h"; sourceTree = "<group>"; };
		A7117A3E148D04C400BD626E /* pb-orm-transaction.cc */ = {isa = PBXFileReference; fileEncoding = 4; lastKnownFileType = sourcecode.cpp.cpp; path = "pb-orm-transaction.cc"; sourceTree = "<group>"; };
		A7117A3F148D04C400BD626E /* pb-orm-str.h */ = {isa = PBXFileReference; fileEncoding = 4; lastKnownFileType = sourcecode.c.h; path = "pb-orm-str.h"; sourceTree = "<group>"; };
		A7117A40148D04C400BD626E /* pb-orm-str.cc */ = {isa = PBXFileReference; fileEncoding = 4; lastKnownFileType = sourcecode.cpp.cpp; path = "pb-orm-str.cc"; sourceTree = "<group>"; };
		A7117A41148D04C400BD626E /* pb-orm-read.h */ = {isa = PBXFileReference; fileEncoding = 4; lastKnownFileType = sourcecode.c.h; path = "pb-orm-read.h"; sourceTree = "<group>"; };
		A7117A42148D04C400BD626E /* pb-orm-read.cc */ = {isa = PBXFileReference; fileEncoding = 4; lastKnownFileType = sourcecode.cpp.cpp; path = "pb-orm-read.cc"; sourceTree = "<group>"; };
		A7117A43148D04C400BD626E /* pb-orm-database.h */ = {isa = PBXFileReference; fileEncoding = 4; lastKnownFileType = sourcecode.c.h; path = "pb-orm-database.h"; sourceTree = "<group>"; };
		A7117A44148D04C400BD626E /* pb-orm-log.h */ = {isa = PBXFileReference; fileEncoding = 4; lastKnownFileType = sourcecode.c.h; path = "pb-orm-log.h"; sourceTree = "<group>"; };
		A7117A45148D04C400BD626E /* pb-orm-log.cc */ = {isa = PBXFileReference; fileEncoding = 4; lastKnownFileType = sourcecode.cpp.cpp; path = "pb-orm-log.cc"; sourceTree = "<group>"; };
		A7117A48148D04C400BD626E /* pb-orm-enum.h */ = {isa = PBXFileReference; fileEncoding = 4; lastKnownFileType = sourcecode.c.h; path = "pb-orm-enum.h"; sourceTree = "<group>"; };
		A7117A49148D04C400BD626E /* pb-orm-enum.cc */ = {isa = PBXFileReference; fileEncoding = 4; lastKnownFileType = sourcecode.cpp.cpp; path = "pb-orm-enum.cc"; sourceTree = "<group>"; };
		A7117A4A148D04C400BD626E /* pb-orm-drop-table.h */ = {isa = PBXFileReference; fileEncoding = 4; lastKnownFileType = sourcecode.c.h; path = "pb-orm-drop-table.h"; sourceTree = "<group>"; };
		A7117A4B148D04C400BD626E /* pb-orm-drop-table.cc */ = {isa = PBXFileReference; fileEncoding = 4; lastKnownFileType = sourcecode.cpp.cpp; path = "pb-orm-drop-table.cc"; sourceTree = "<group>"; };
		A7117A4C148D04C400BD626E /* pb-orm-delete.h */ = {isa = PBXFileReference; fileEncoding = 4; lastKnownFileType = sourcecode.c.h; path = "pb-orm-delete.h"; sourceTree = "<group>"; };
		A7117A4D148D04C400BD626E /* pb-orm-delete.cc */ = {isa = PBXFileReference; fileEncoding = 4; lastKnownFileType = sourcecode.cpp.cpp; path = "pb-orm-delete.cc"; sourceTree = "<group>"; };
		A7117A4E148D04C400BD626E /* pb-orm-create.h */ = {isa = PBXFileReference; fileEncoding = 4; lastKnownFileType = sourcecode.c.h; path = "pb-orm-create.h"; sourceTree = "<group>"; };
		A7117A4F148D04C400BD626E /* pb-orm-create.cc */ = {isa = PBXFileReference; fileEncoding = 4; lastKnownFileType = sourcecode.cpp.cpp; path = "pb-orm-create.cc"; sourceTree = "<group>"; };
		A7117A50148D04C400BD626E /* pb-orm-create-table.h */ = {isa = PBXFileReference; fileEncoding = 4; lastKnownFileType = sourcecode.c.h; path = "pb-orm-create-table.h"; sourceTree = "<group>"; };
		A7117A51148D04C400BD626E /* pb-orm-create-table.cc */ = {isa = PBXFileReference; fileEncoding = 4; lastKnownFileType = sourcecode.cpp.cpp; path = "pb-orm-create-table.cc"; sourceTree = "<group>"; };
		A7117A52148D04C400BD626E /* pb-orm-connect.h */ = {isa = PBXFileReference; fileEncoding = 4; lastKnownFileType = sourcecode.c.h; path = "pb-orm-connect.h"; sourceTree = "<group>"; };
		A7117A53148D04C400BD626E /* pb-orm-connect.cc */ = {isa = PBXFileReference; fileEncoding = 4; lastKnownFileType = sourcecode.cpp.cpp; path = "pb-orm-connect.cc"; sourceTree = "<group>"; };
		A7117A54148D04C400BD626E /* pb-orm-common.h */ = {isa = PBXFileReference; fileEncoding = 4; lastKnownFileType = sourcecode.c.h; path = "pb-orm-common.h"; sourceTree = "<group>"; };
		A7117A55148D04C400BD626E /* orm.proto */ = {isa = PBXFileReference; explicitFileType = sourcecode.cpp.cpp.preprocessed; fileEncoding = 4; path = orm.proto; sourceTree = "<group>"; };
		A7117A69148D04E400BD626E /* big.proto */ = {isa = PBXFileReference; explicitFileType = sourcecode.cpp.cpp.preprocessed; fileEncoding = 4; path = big.proto; sourceTree = "<group>"; };
		A7117A6A148D04E400BD626E /* Makefile.am */ = {isa = PBXFileReference; fileEncoding = 4; lastKnownFileType = text; path = Makefile.am; sourceTree = "<group>"; };
		A7117A6B148D04E400BD626E /* pb-orm-big-tests.cc */ = {isa = PBXFileReference; fileEncoding = 4; lastKnownFileType = sourcecode.cpp.cpp; path = "pb-orm-big-tests.cc"; sourceTree = "<group>"; };
		A7117A6C148D04E400BD626E /* pb-orm-big-tests.h */ = {isa = PBXFileReference; fileEncoding = 4; lastKnownFileType = sourcecode.c.h; path = "pb-orm-big-tests.h"; sourceTree = "<group>"; };
		A7117A6D148D04E400BD626E /* pb-orm-tree-tests.cc */ = {isa = PBXFileReference; fileEncoding = 4; lastKnownFileType = sourcecode.cpp.cpp; path = "pb-orm-tree-tests.cc"; sourceTree = "<group>"; };
		A7117A6E148D04E400BD626E /* pb-orm-tree-tests.h */ = {isa = PBXFileReference; fileEncoding = 4; lastKnownFileType = sourcecode.c.h; path = "pb-orm-tree-tests.h"; sourceTree = "<group>"; };
		A7117A6F148D04E400BD626E /* pb-orm-zone-tests.cc */ = {isa = PBXFileReference; fileEncoding = 4; lastKnownFileType = sourcecode.cpp.cpp; path = "pb-orm-zone-tests.cc"; sourceTree = "<group>"; };
		A7117A70148D04E400BD626E /* pb-orm-zone-tests.h */ = {isa = PBXFileReference; fileEncoding = 4; lastKnownFileType = sourcecode.c.h; path = "pb-orm-zone-tests.h"; sourceTree = "<group>"; };
		A7117A71148D04E400BD626E /* pbormtest.cc */ = {isa = PBXFileReference; fileEncoding = 4; lastKnownFileType = sourcecode.cpp.cpp; path = pbormtest.cc; sourceTree = "<group>"; };
		A7117A72148D04E400BD626E /* tree.proto */ = {isa = PBXFileReference; explicitFileType = sourcecode.cpp.cpp.preprocessed; fileEncoding = 4; path = tree.proto; sourceTree = "<group>"; };
		A7117A73148D04E400BD626E /* zone.proto */ = {isa = PBXFileReference; explicitFileType = sourcecode.cpp.cpp.preprocessed; fileEncoding = 4; path = zone.proto; sourceTree = "<group>"; };
		A71B7ECD1484F7C80084A251 /* test */ = {isa = PBXFileReference; explicitFileType = "compiled.mach-o.executable"; includeInIndex = 0; path = test; sourceTree = BUILT_PRODUCTS_DIR; };
		A765CE6A144F86B300308B82 /* Cocoa.framework */ = {isa = PBXFileReference; lastKnownFileType = wrapper.framework; name = Cocoa.framework; path = System/Library/Frameworks/Cocoa.framework; sourceTree = SDKROOT; };
		A765CE6D144F86B300308B82 /* AppKit.framework */ = {isa = PBXFileReference; lastKnownFileType = wrapper.framework; name = AppKit.framework; path = System/Library/Frameworks/AppKit.framework; sourceTree = SDKROOT; };
		A765CE6E144F86B300308B82 /* CoreData.framework */ = {isa = PBXFileReference; lastKnownFileType = wrapper.framework; name = CoreData.framework; path = System/Library/Frameworks/CoreData.framework; sourceTree = SDKROOT; };
		A765CE6F144F86B300308B82 /* Foundation.framework */ = {isa = PBXFileReference; lastKnownFileType = wrapper.framework; name = Foundation.framework; path = System/Library/Frameworks/Foundation.framework; sourceTree = SDKROOT; };
		A7AF354B1490A569008C43C9 /* pb-orm-database-helper.h */ = {isa = PBXFileReference; fileEncoding = 4; lastKnownFileType = sourcecode.c.h; path = "pb-orm-database-helper.h"; sourceTree = "<group>"; };
		A7AF354D1490A57C008C43C9 /* pb-orm-database-helper.cc */ = {isa = PBXFileReference; fileEncoding = 4; lastKnownFileType = sourcecode.cpp.cpp; path = "pb-orm-database-helper.cc"; sourceTree = "<group>"; };
		A7BAA4C61497881C00C7DD2B /* timecollector.h */ = {isa = PBXFileReference; fileEncoding = 4; lastKnownFileType = sourcecode.c.h; path = timecollector.h; sourceTree = "<group>"; };
		A7BAA4C71497882E00C7DD2B /* timecollector.cc */ = {isa = PBXFileReference; fileEncoding = 4; lastKnownFileType = sourcecode.cpp.cpp; path = timecollector.cc; sourceTree = "<group>"; };
/* End PBXFileReference section */

/* Begin PBXFrameworksBuildPhase section */
		A71B7ECA1484F7C80084A251 /* Frameworks */ = {
			isa = PBXFrameworksBuildPhase;
			buildActionMask = 2147483647;
			files = (
			);
			runOnlyForDeploymentPostprocessing = 0;
		};
/* End PBXFrameworksBuildPhase section */

/* Begin PBXGroup section */
		A7117A63148D04E400BD626E /* test */ = {
			isa = PBXGroup;
			children = (
				A7117A69148D04E400BD626E /* big.proto */,
				A7117A73148D04E400BD626E /* zone.proto */,
				A7117A72148D04E400BD626E /* tree.proto */,
				A7117A6A148D04E400BD626E /* Makefile.am */,
				A7117A6B148D04E400BD626E /* pb-orm-big-tests.cc */,
				A7117A6C148D04E400BD626E /* pb-orm-big-tests.h */,
				A7117A6D148D04E400BD626E /* pb-orm-tree-tests.cc */,
				A7117A6E148D04E400BD626E /* pb-orm-tree-tests.h */,
				A7117A6F148D04E400BD626E /* pb-orm-zone-tests.cc */,
				A7117A70148D04E400BD626E /* pb-orm-zone-tests.h */,
				A7117A71148D04E400BD626E /* pbormtest.cc */,
				A7BAA4C61497881C00C7DD2B /* timecollector.h */,
				A7BAA4C71497882E00C7DD2B /* timecollector.cc */,
			);
			path = test;
			sourceTree = "<group>";
		};
		A765CE31144DC97700308B82 = {
			isa = PBXGroup;
			children = (
				A798674A145EEC3900DD0706 /* source */,
				A765CE4F144F85AC00308B82 /* Frameworks */,
				A765CE3D144DC97700308B82 /* Products */,
			);
			sourceTree = "<group>";
		};
		A765CE3D144DC97700308B82 /* Products */ = {
			isa = PBXGroup;
			children = (
				A71B7ECD1484F7C80084A251 /* test */,
			);
			name = Products;
			sourceTree = "<group>";
		};
		A765CE4F144F85AC00308B82 /* Frameworks */ = {
			isa = PBXGroup;
			children = (
				A765CE6A144F86B300308B82 /* Cocoa.framework */,
				A765CE6C144F86B300308B82 /* Other Frameworks */,
			);
			name = Frameworks;
			sourceTree = "<group>";
		};
		A765CE6C144F86B300308B82 /* Other Frameworks */ = {
			isa = PBXGroup;
			children = (
				A765CE6D144F86B300308B82 /* AppKit.framework */,
				A765CE6E144F86B300308B82 /* CoreData.framework */,
				A765CE6F144F86B300308B82 /* Foundation.framework */,
			);
			name = "Other Frameworks";
			sourceTree = "<group>";
		};
		A798674A145EEC3900DD0706 /* source */ = {
			isa = PBXGroup;
			children = (
				A7117A63148D04E400BD626E /* test */,
				A7117A55148D04C400BD626E /* orm.proto */,
				A7117A38148D04C400BD626E /* pb-orm.h */,
				A7117A54148D04C400BD626E /* pb-orm-common.h */,
				A7117A39148D04C400BD626E /* pb-orm-value.h */,
				A7117A3A148D04C400BD626E /* pb-orm-value.cc */,
				A7117A3B148D04C400BD626E /* pb-orm-update.h */,
				A7117A3C148D04C400BD626E /* pb-orm-update.cc */,
				A7117A3D148D04C400BD626E /* pb-orm-transaction.h */,
				A7117A3E148D04C400BD626E /* pb-orm-transaction.cc */,
				A7117A3F148D04C400BD626E /* pb-orm-str.h */,
				A7117A40148D04C400BD626E /* pb-orm-str.cc */,
				A7061E91148D08D5004124EF /* pb-orm-initialize.h */,
				A7061E92148D08D5004124EF /* pb-orm-initialize.cc */,
				A7061E95148D09D5004124EF /* pb-orm-shutdown.h */,
				A7061E96148D09D5004124EF /* pb-orm-shutdown.cc */,
				A7117A41148D04C400BD626E /* pb-orm-read.h */,
				A7117A42148D04C400BD626E /* pb-orm-read.cc */,
				A7117A43148D04C400BD626E /* pb-orm-database.h */,
				A7061E9D148E02ED004124EF /* pb-orm-database.cc */,
				A7AF354B1490A569008C43C9 /* pb-orm-database-helper.h */,
				A7AF354D1490A57C008C43C9 /* pb-orm-database-helper.cc */,
				A7061EA3148F6671004124EF /* pb-orm-database-sqlite3.h */,
				A7061EA5148F68A4004124EF /* pb-orm-database-sqlite3.cc */,
				A7061EA4148F66B2004124EF /* pb-orm-database-dbi.h */,
				A7061EA7148F6936004124EF /* pb-orm-database-dbi.cc */,
				A7061EA0148F6437004124EF /* pb-orm-context.h */,
				A7061EA1148F6457004124EF /* pb-orm-context.cc */,
				A7117A44148D04C400BD626E /* pb-orm-log.h */,
				A7117A45148D04C400BD626E /* pb-orm-log.cc */,
				A7117A48148D04C400BD626E /* pb-orm-enum.h */,
				A7117A49148D04C400BD626E /* pb-orm-enum.cc */,
				A7117A4A148D04C400BD626E /* pb-orm-drop-table.h */,
				A7117A4B148D04C400BD626E /* pb-orm-drop-table.cc */,
				A7117A4C148D04C400BD626E /* pb-orm-delete.h */,
				A7117A4D148D04C400BD626E /* pb-orm-delete.cc */,
				A7117A4E148D04C400BD626E /* pb-orm-create.h */,
				A7117A4F148D04C400BD626E /* pb-orm-create.cc */,
				A7117A50148D04C400BD626E /* pb-orm-create-table.h */,
				A7117A51148D04C400BD626E /* pb-orm-create-table.cc */,
				A7117A52148D04C400BD626E /* pb-orm-connect.h */,
				A7117A53148D04C400BD626E /* pb-orm-connect.cc */,
			);
			name = source;
			sourceTree = "<group>";
		};
/* End PBXGroup section */

/* Begin PBXNativeTarget section */
		A71B7ECC1484F7C80084A251 /* test */ = {
			isa = PBXNativeTarget;
			buildConfigurationList = A71B7ED41484F7C80084A251 /* Build configuration list for PBXNativeTarget "test" */;
			buildPhases = (
				A71B7EC91484F7C80084A251 /* Sources */,
				A71B7ECA1484F7C80084A251 /* Frameworks */,
				A71B7ECB1484F7C80084A251 /* CopyFiles */,
			);
			buildRules = (
				A71B7F031484FA540084A251 /* PBXBuildRule */,
			);
			dependencies = (
			);
			name = test;
			productName = test;
			productReference = A71B7ECD1484F7C80084A251 /* test */;
			productType = "com.apple.product-type.tool";
		};
/* End PBXNativeTarget section */

/* Begin PBXProject section */
		A765CE33144DC97700308B82 /* Project object */ = {
			isa = PBXProject;
			attributes = {
				LastUpgradeCheck = 0420;
				ORGANIZATIONNAME = "xpt Software & Consulting B.V.";
			};
			buildConfigurationList = A765CE36144DC97700308B82 /* Build configuration list for PBXProject "protobuf-orm" */;
			compatibilityVersion = "Xcode 3.2";
			developmentRegion = English;
			hasScannedForEncodings = 0;
			knownRegions = (
				en,
			);
			mainGroup = A765CE31144DC97700308B82;
			productRefGroup = A765CE3D144DC97700308B82 /* Products */;
			projectDirPath = "";
			projectRoot = "";
			targets = (
				A71B7ECC1484F7C80084A251 /* test */,
			);
		};
/* End PBXProject section */

/* Begin PBXSourcesBuildPhase section */
		A71B7EC91484F7C80084A251 /* Sources */ = {
			isa = PBXSourcesBuildPhase;
			buildActionMask = 2147483647;
			files = (
				A7117A56148D04C400BD626E /* pb-orm-value.cc in Sources */,
				A7117A57148D04C400BD626E /* pb-orm-update.cc in Sources */,
				A7117A58148D04C400BD626E /* pb-orm-transaction.cc in Sources */,
				A7117A59148D04C400BD626E /* pb-orm-str.cc in Sources */,
				A7117A5A148D04C400BD626E /* pb-orm-read.cc in Sources */,
				A7117A5B148D04C400BD626E /* pb-orm-log.cc in Sources */,
				A7117A5D148D04C400BD626E /* pb-orm-enum.cc in Sources */,
				A7117A5E148D04C400BD626E /* pb-orm-drop-table.cc in Sources */,
				A7117A5F148D04C400BD626E /* pb-orm-delete.cc in Sources */,
				A7117A60148D04C400BD626E /* pb-orm-create.cc in Sources */,
				A7117A61148D04C400BD626E /* pb-orm-create-table.cc in Sources */,
				A7117A62148D04C400BD626E /* pb-orm-connect.cc in Sources */,
				A7117A74148D04E400BD626E /* pb-orm-big-tests.cc in Sources */,
				A7117A75148D04E400BD626E /* pb-orm-tree-tests.cc in Sources */,
				A7117A76148D04E400BD626E /* pb-orm-zone-tests.cc in Sources */,
				A7117A77148D04E400BD626E /* pbormtest.cc in Sources */,
				A7117A78148D051B00BD626E /* big.proto in Sources */,
				A7117A79148D051E00BD626E /* zone.proto in Sources */,
				A7117A7C148D059700BD626E /* orm.proto in Sources */,
				A7061E93148D08D6004124EF /* pb-orm-initialize.cc in Sources */,
				A7061E97148D09D5004124EF /* pb-orm-shutdown.cc in Sources */,
				A7061E98148D0B01004124EF /* tree.proto in Sources */,
				A7061E9E148E02ED004124EF /* pb-orm-database.cc in Sources */,
				A7061EA2148F6458004124EF /* pb-orm-context.cc in Sources */,
				A7061EA6148F68A5004124EF /* pb-orm-database-sqlite3.cc in Sources */,
				A7061EA8148F6938004124EF /* pb-orm-database-dbi.cc in Sources */,
				A7AF354E1490A57C008C43C9 /* pb-orm-database-helper.cc in Sources */,
				A7BAA4C81497882F00C7DD2B /* timecollector.cc in Sources */,
			);
			runOnlyForDeploymentPostprocessing = 0;
		};
/* End PBXSourcesBuildPhase section */

/* Begin XCBuildConfiguration section */
		A71B7ED51484F7C80084A251 /* Debug */ = {
			isa = XCBuildConfiguration;
			buildSettings = {
				OTHER_LDFLAGS = (
					"-ldbi",
					"-lprotobuf",
					"-lcppunit",
					"-lsqlite3",
				);
				PRODUCT_NAME = "$(TARGET_NAME)";
			};
			name = Debug;
		};
		A71B7ED61484F7C80084A251 /* Release */ = {
			isa = XCBuildConfiguration;
			buildSettings = {
				OTHER_LDFLAGS = (
					"-ldbi",
					"-lprotobuf",
					"-lcppunit",
					"-lsqlite3",
				);
				PRODUCT_NAME = "$(TARGET_NAME)";
			};
			name = Release;
		};
		A765CE44144DC97700308B82 /* Debug */ = {
			isa = XCBuildConfiguration;
			buildSettings = {
				ALWAYS_SEARCH_USER_PATHS = NO;
				ARCHS = "$(ARCHS_STANDARD_64_BIT)";
				COPY_PHASE_STRIP = NO;
				GCC_C_LANGUAGE_STANDARD = gnu99;
				GCC_DYNAMIC_NO_PIC = NO;
				GCC_ENABLE_OBJC_EXCEPTIONS = YES;
				GCC_OPTIMIZATION_LEVEL = 0;
				GCC_PREPROCESSOR_DEFINITIONS = (
					"DEBUG=1",
					"$(inherited)",
				);
				GCC_SYMBOLS_PRIVATE_EXTERN = NO;
				GCC_VERSION = com.apple.compilers.llvm.clang.1_0;
				GCC_WARN_64_TO_32_BIT_CONVERSION = YES;
				GCC_WARN_ABOUT_MISSING_PROTOTYPES = YES;
				GCC_WARN_ABOUT_RETURN_TYPE = YES;
				GCC_WARN_UNUSED_VARIABLE = YES;
				MACOSX_DEPLOYMENT_TARGET = 10.6;
				ONLY_ACTIVE_ARCH = YES;
				OTHER_LDFLAGS = (
					"-ldbi",
					"-lprotobuf",
				);
				SDKROOT = macosx;
			};
			name = Debug;
		};
		A765CE45144DC97700308B82 /* Release */ = {
			isa = XCBuildConfiguration;
			buildSettings = {
				ALWAYS_SEARCH_USER_PATHS = NO;
				ARCHS = "$(ARCHS_STANDARD_64_BIT)";
				COPY_PHASE_STRIP = YES;
				DEBUG_INFORMATION_FORMAT = "dwarf-with-dsym";
				GCC_C_LANGUAGE_STANDARD = gnu99;
				GCC_ENABLE_OBJC_EXCEPTIONS = YES;
				GCC_VERSION = com.apple.compilers.llvm.clang.1_0;
				GCC_WARN_64_TO_32_BIT_CONVERSION = YES;
				GCC_WARN_ABOUT_MISSING_PROTOTYPES = YES;
				GCC_WARN_ABOUT_RETURN_TYPE = YES;
				GCC_WARN_UNUSED_VARIABLE = YES;
				MACOSX_DEPLOYMENT_TARGET = 10.6;
				OTHER_LDFLAGS = (
					"-ldbi",
					"-lprotobuf",
				);
				SDKROOT = macosx;
			};
			name = Release;
		};
/* End XCBuildConfiguration section */

/* Begin XCConfigurationList section */
		A71B7ED41484F7C80084A251 /* Build configuration list for PBXNativeTarget "test" */ = {
			isa = XCConfigurationList;
			buildConfigurations = (
				A71B7ED51484F7C80084A251 /* Debug */,
				A71B7ED61484F7C80084A251 /* Release */,
			);
			defaultConfigurationIsVisible = 0;
			defaultConfigurationName = Release;
		};
		A765CE36144DC97700308B82 /* Build configuration list for PBXProject "protobuf-orm" */ = {
			isa = XCConfigurationList;
			buildConfigurations = (
				A765CE44144DC97700308B82 /* Debug */,
				A765CE45144DC97700308B82 /* Release */,
			);
			defaultConfigurationIsVisible = 0;
			defaultConfigurationName = Release;
		};
/* End XCConfigurationList section */
	};
	rootObject = A765CE33144DC97700308B82 /* Project object */;
}
